// !$*UTF8*$!
{
	archiveVersion = 1;
	classes = {
	};
	objectVersion = 50;
	objects = {

/* Begin PBXBuildFile section */
		90448C7E238E2D9E00F09FD7 /* AppDelegate.swift in Sources */ = {isa = PBXBuildFile; fileRef = 90448C7D238E2D9E00F09FD7 /* AppDelegate.swift */; };
		90448C80238E2D9E00F09FD7 /* SceneDelegate.swift in Sources */ = {isa = PBXBuildFile; fileRef = 90448C7F238E2D9E00F09FD7 /* SceneDelegate.swift */; };
		90448C82238E2D9E00F09FD7 /* ContentView.swift in Sources */ = {isa = PBXBuildFile; fileRef = 90448C81238E2D9E00F09FD7 /* ContentView.swift */; };
		90448C84238E2DA300F09FD7 /* Assets.xcassets in Resources */ = {isa = PBXBuildFile; fileRef = 90448C83238E2DA300F09FD7 /* Assets.xcassets */; };
		90448C87238E2DA300F09FD7 /* Preview Assets.xcassets in Resources */ = {isa = PBXBuildFile; fileRef = 90448C86238E2DA300F09FD7 /* Preview Assets.xcassets */; };
		90448C8A238E2DA300F09FD7 /* LaunchScreen.storyboard in Resources */ = {isa = PBXBuildFile; fileRef = 90448C88238E2DA300F09FD7 /* LaunchScreen.storyboard */; };
		90448C95238E2DA400F09FD7 /* RGBullsEyeTests.swift in Sources */ = {isa = PBXBuildFile; fileRef = 90448C94238E2DA400F09FD7 /* RGBullsEyeTests.swift */; };
		90448CA0238E2DA400F09FD7 /* RGBullsEyeUITests.swift in Sources */ = {isa = PBXBuildFile; fileRef = 90448C9F238E2DA400F09FD7 /* RGBullsEyeUITests.swift */; };
/* End PBXBuildFile section */

/* Begin PBXContainerItemProxy section */
		90448C91238E2DA400F09FD7 /* PBXContainerItemProxy */ = {
			isa = PBXContainerItemProxy;
			containerPortal = 90448C72238E2D9E00F09FD7 /* Project object */;
			proxyType = 1;
			remoteGlobalIDString = 90448C79238E2D9E00F09FD7;
			remoteInfo = RGBullsEye;
		};
		90448C9C238E2DA400F09FD7 /* PBXContainerItemProxy */ = {
			isa = PBXContainerItemProxy;
			containerPortal = 90448C72238E2D9E00F09FD7 /* Project object */;
			proxyType = 1;
			remoteGlobalIDString = 90448C79238E2D9E00F09FD7;
			remoteInfo = RGBullsEye;
		};
/* End PBXContainerItemProxy section */

/* Begin PBXFileReference section */
		90448C7A238E2D9E00F09FD7 /* RGBullsEye.app */ = {isa = PBXFileReference; explicitFileType = wrapper.application; includeInIndex = 0; path = RGBullsEye.app; sourceTree = BUILT_PRODUCTS_DIR; };
		90448C7D238E2D9E00F09FD7 /* AppDelegate.swift */ = {isa = PBXFileReference; lastKnownFileType = sourcecode.swift; path = AppDelegate.swift; sourceTree = "<group>"; };
		90448C7F238E2D9E00F09FD7 /* SceneDelegate.swift */ = {isa = PBXFileReference; lastKnownFileType = sourcecode.swift; path = SceneDelegate.swift; sourceTree = "<group>"; };
		90448C81238E2D9E00F09FD7 /* ContentView.swift */ = {isa = PBXFileReference; lastKnownFileType = sourcecode.swift; path = ContentView.swift; sourceTree = "<group>"; };
		90448C83238E2DA300F09FD7 /* Assets.xcassets */ = {isa = PBXFileReference; lastKnownFileType = folder.assetcatalog; path = Assets.xcassets; sourceTree = "<group>"; };
		90448C86238E2DA300F09FD7 /* Preview Assets.xcassets */ = {isa = PBXFileReference; lastKnownFileType = folder.assetcatalog; path = "Preview Assets.xcassets"; sourceTree = "<group>"; };
		90448C89238E2DA300F09FD7 /* Base */ = {isa = PBXFileReference; lastKnownFileType = file.storyboard; name = Base; path = Base.lproj/LaunchScreen.storyboard; sourceTree = "<group>"; };
		90448C8B238E2DA300F09FD7 /* Info.plist */ = {isa = PBXFileReference; lastKnownFileType = text.plist.xml; path = Info.plist; sourceTree = "<group>"; };
		90448C90238E2DA400F09FD7 /* RGBullsEyeTests.xctest */ = {isa = PBXFileReference; explicitFileType = wrapper.cfbundle; includeInIndex = 0; path = RGBullsEyeTests.xctest; sourceTree = BUILT_PRODUCTS_DIR; };
		90448C94238E2DA400F09FD7 /* RGBullsEyeTests.swift */ = {isa = PBXFileReference; lastKnownFileType = sourcecode.swift; path = RGBullsEyeTests.swift; sourceTree = "<group>"; };
		90448C96238E2DA400F09FD7 /* Info.plist */ = {isa = PBXFileReference; lastKnownFileType = text.plist.xml; path = Info.plist; sourceTree = "<group>"; };
		90448C9B238E2DA400F09FD7 /* RGBullsEyeUITests.xctest */ = {isa = PBXFileReference; explicitFileType = wrapper.cfbundle; includeInIndex = 0; path = RGBullsEyeUITests.xctest; sourceTree = BUILT_PRODUCTS_DIR; };
		90448C9F238E2DA400F09FD7 /* RGBullsEyeUITests.swift */ = {isa = PBXFileReference; lastKnownFileType = sourcecode.swift; path = RGBullsEyeUITests.swift; sourceTree = "<group>"; };
		90448CA1238E2DA400F09FD7 /* Info.plist */ = {isa = PBXFileReference; lastKnownFileType = text.plist.xml; path = Info.plist; sourceTree = "<group>"; };
/* End PBXFileReference section */

/* Begin PBXFrameworksBuildPhase section */
		90448C77238E2D9E00F09FD7 /* Frameworks */ = {
			isa = PBXFrameworksBuildPhase;
			buildActionMask = 2147483647;
			files = (
			);
			runOnlyForDeploymentPostprocessing = 0;
		};
		90448C8D238E2DA400F09FD7 /* Frameworks */ = {
			isa = PBXFrameworksBuildPhase;
			buildActionMask = 2147483647;
			files = (
			);
			runOnlyForDeploymentPostprocessing = 0;
		};
		90448C98238E2DA400F09FD7 /* Frameworks */ = {
			isa = PBXFrameworksBuildPhase;
			buildActionMask = 2147483647;
			files = (
			);
			runOnlyForDeploymentPostprocessing = 0;
		};
/* End PBXFrameworksBuildPhase section */

/* Begin PBXGroup section */
		90448C71238E2D9E00F09FD7 = {
			isa = PBXGroup;
			children = (
				90448C7C238E2D9E00F09FD7 /* RGBullsEye */,
				90448C93238E2DA400F09FD7 /* RGBullsEyeTests */,
				90448C9E238E2DA400F09FD7 /* RGBullsEyeUITests */,
				90448C7B238E2D9E00F09FD7 /* Products */,
			);
			sourceTree = "<group>";
		};
		90448C7B238E2D9E00F09FD7 /* Products */ = {
			isa = PBXGroup;
			children = (
				90448C7A238E2D9E00F09FD7 /* RGBullsEye.app */,
				90448C90238E2DA400F09FD7 /* RGBullsEyeTests.xctest */,
				90448C9B238E2DA400F09FD7 /* RGBullsEyeUITests.xctest */,
			);
			name = Products;
			sourceTree = "<group>";
		};
		90448C7C238E2D9E00F09FD7 /* RGBullsEye */ = {
			isa = PBXGroup;
			children = (
				90448C7D238E2D9E00F09FD7 /* AppDelegate.swift */,
				90448C7F238E2D9E00F09FD7 /* SceneDelegate.swift */,
				90448C81238E2D9E00F09FD7 /* ContentView.swift */,
				90448C83238E2DA300F09FD7 /* Assets.xcassets */,
				90448C88238E2DA300F09FD7 /* LaunchScreen.storyboard */,
				90448C8B238E2DA300F09FD7 /* Info.plist */,
				90448C85238E2DA300F09FD7 /* Preview Content */,
			);
			path = RGBullsEye;
			sourceTree = "<group>";
		};
		90448C85238E2DA300F09FD7 /* Preview Content */ = {
			isa = PBXGroup;
			children = (
				90448C86238E2DA300F09FD7 /* Preview Assets.xcassets */,
			);
			path = "Preview Content";
			sourceTree = "<group>";
		};
		90448C93238E2DA400F09FD7 /* RGBullsEyeTests */ = {
			isa = PBXGroup;
			children = (
				90448C94238E2DA400F09FD7 /* RGBullsEyeTests.swift */,
				90448C96238E2DA400F09FD7 /* Info.plist */,
			);
			path = RGBullsEyeTests;
			sourceTree = "<group>";
		};
		90448C9E238E2DA400F09FD7 /* RGBullsEyeUITests */ = {
			isa = PBXGroup;
			children = (
				90448C9F238E2DA400F09FD7 /* RGBullsEyeUITests.swift */,
				90448CA1238E2DA400F09FD7 /* Info.plist */,
			);
			path = RGBullsEyeUITests;
			sourceTree = "<group>";
		};
/* End PBXGroup section */

/* Begin PBXNativeTarget section */
		90448C79238E2D9E00F09FD7 /* RGBullsEye */ = {
			isa = PBXNativeTarget;
			buildConfigurationList = 90448CA4238E2DA400F09FD7 /* Build configuration list for PBXNativeTarget "RGBullsEye" */;
			buildPhases = (
				90448C76238E2D9E00F09FD7 /* Sources */,
				90448C77238E2D9E00F09FD7 /* Frameworks */,
				90448C78238E2D9E00F09FD7 /* Resources */,
			);
			buildRules = (
			);
			dependencies = (
			);
			name = RGBullsEye;
			productName = RGBullsEye;
			productReference = 90448C7A238E2D9E00F09FD7 /* RGBullsEye.app */;
			productType = "com.apple.product-type.application";
		};
		90448C8F238E2DA400F09FD7 /* RGBullsEyeTests */ = {
			isa = PBXNativeTarget;
			buildConfigurationList = 90448CA7238E2DA400F09FD7 /* Build configuration list for PBXNativeTarget "RGBullsEyeTests" */;
			buildPhases = (
				90448C8C238E2DA400F09FD7 /* Sources */,
				90448C8D238E2DA400F09FD7 /* Frameworks */,
				90448C8E238E2DA400F09FD7 /* Resources */,
			);
			buildRules = (
			);
			dependencies = (
				90448C92238E2DA400F09FD7 /* PBXTargetDependency */,
			);
			name = RGBullsEyeTests;
			productName = RGBullsEyeTests;
			productReference = 90448C90238E2DA400F09FD7 /* RGBullsEyeTests.xctest */;
			productType = "com.apple.product-type.bundle.unit-test";
		};
		90448C9A238E2DA400F09FD7 /* RGBullsEyeUITests */ = {
			isa = PBXNativeTarget;
			buildConfigurationList = 90448CAA238E2DA400F09FD7 /* Build configuration list for PBXNativeTarget "RGBullsEyeUITests" */;
			buildPhases = (
				90448C97238E2DA400F09FD7 /* Sources */,
				90448C98238E2DA400F09FD7 /* Frameworks */,
				90448C99238E2DA400F09FD7 /* Resources */,
			);
			buildRules = (
			);
			dependencies = (
				90448C9D238E2DA400F09FD7 /* PBXTargetDependency */,
			);
			name = RGBullsEyeUITests;
			productName = RGBullsEyeUITests;
			productReference = 90448C9B238E2DA400F09FD7 /* RGBullsEyeUITests.xctest */;
			productType = "com.apple.product-type.bundle.ui-testing";
		};
/* End PBXNativeTarget section */

/* Begin PBXProject section */
		90448C72238E2D9E00F09FD7 /* Project object */ = {
			isa = PBXProject;
			attributes = {
				LastSwiftUpdateCheck = 1120;
				LastUpgradeCheck = 1120;
				ORGANIZATIONNAME = michalgawryluk;
				TargetAttributes = {
					90448C79238E2D9E00F09FD7 = {
						CreatedOnToolsVersion = 11.2.1;
					};
					90448C8F238E2DA400F09FD7 = {
						CreatedOnToolsVersion = 11.2.1;
						TestTargetID = 90448C79238E2D9E00F09FD7;
					};
					90448C9A238E2DA400F09FD7 = {
						CreatedOnToolsVersion = 11.2.1;
						TestTargetID = 90448C79238E2D9E00F09FD7;
					};
				};
			};
			buildConfigurationList = 90448C75238E2D9E00F09FD7 /* Build configuration list for PBXProject "RGBullsEye" */;
			compatibilityVersion = "Xcode 9.3";
			developmentRegion = en;
			hasScannedForEncodings = 0;
			knownRegions = (
				en,
				Base,
			);
			mainGroup = 90448C71238E2D9E00F09FD7;
			productRefGroup = 90448C7B238E2D9E00F09FD7 /* Products */;
			projectDirPath = "";
			projectRoot = "";
			targets = (
				90448C79238E2D9E00F09FD7 /* RGBullsEye */,
				90448C8F238E2DA400F09FD7 /* RGBullsEyeTests */,
				90448C9A238E2DA400F09FD7 /* RGBullsEyeUITests */,
			);
		};
/* End PBXProject section */

/* Begin PBXResourcesBuildPhase section */
		90448C78238E2D9E00F09FD7 /* Resources */ = {
			isa = PBXResourcesBuildPhase;
			buildActionMask = 2147483647;
			files = (
				90448C8A238E2DA300F09FD7 /* LaunchScreen.storyboard in Resources */,
				90448C87238E2DA300F09FD7 /* Preview Assets.xcassets in Resources */,
				90448C84238E2DA300F09FD7 /* Assets.xcassets in Resources */,
			);
			runOnlyForDeploymentPostprocessing = 0;
		};
		90448C8E238E2DA400F09FD7 /* Resources */ = {
			isa = PBXResourcesBuildPhase;
			buildActionMask = 2147483647;
			files = (
			);
			runOnlyForDeploymentPostprocessing = 0;
		};
		90448C99238E2DA400F09FD7 /* Resources */ = {
			isa = PBXResourcesBuildPhase;
			buildActionMask = 2147483647;
			files = (
			);
			runOnlyForDeploymentPostprocessing = 0;
		};
/* End PBXResourcesBuildPhase section */

/* Begin PBXSourcesBuildPhase section */
		90448C76238E2D9E00F09FD7 /* Sources */ = {
			isa = PBXSourcesBuildPhase;
			buildActionMask = 2147483647;
			files = (
				90448C7E238E2D9E00F09FD7 /* AppDelegate.swift in Sources */,
				90448C80238E2D9E00F09FD7 /* SceneDelegate.swift in Sources */,
				90448C82238E2D9E00F09FD7 /* ContentView.swift in Sources */,
			);
			runOnlyForDeploymentPostprocessing = 0;
		};
		90448C8C238E2DA400F09FD7 /* Sources */ = {
			isa = PBXSourcesBuildPhase;
			buildActionMask = 2147483647;
			files = (
				90448C95238E2DA400F09FD7 /* RGBullsEyeTests.swift in Sources */,
			);
			runOnlyForDeploymentPostprocessing = 0;
		};
		90448C97238E2DA400F09FD7 /* Sources */ = {
			isa = PBXSourcesBuildPhase;
			buildActionMask = 2147483647;
			files = (
				90448CA0238E2DA400F09FD7 /* RGBullsEyeUITests.swift in Sources */,
			);
			runOnlyForDeploymentPostprocessing = 0;
		};
/* End PBXSourcesBuildPhase section */

/* Begin PBXTargetDependency section */
		90448C92238E2DA400F09FD7 /* PBXTargetDependency */ = {
			isa = PBXTargetDependency;
			target = 90448C79238E2D9E00F09FD7 /* RGBullsEye */;
			targetProxy = 90448C91238E2DA400F09FD7 /* PBXContainerItemProxy */;
		};
		90448C9D238E2DA400F09FD7 /* PBXTargetDependency */ = {
			isa = PBXTargetDependency;
			target = 90448C79238E2D9E00F09FD7 /* RGBullsEye */;
			targetProxy = 90448C9C238E2DA400F09FD7 /* PBXContainerItemProxy */;
		};
/* End PBXTargetDependency section */

/* Begin PBXVariantGroup section */
		90448C88238E2DA300F09FD7 /* LaunchScreen.storyboard */ = {
			isa = PBXVariantGroup;
			children = (
				90448C89238E2DA300F09FD7 /* Base */,
			);
			name = LaunchScreen.storyboard;
			sourceTree = "<group>";
		};
/* End PBXVariantGroup section */

/* Begin XCBuildConfiguration section */
		90448CA2238E2DA400F09FD7 /* Debug */ = {
			isa = XCBuildConfiguration;
			buildSettings = {
				ALWAYS_SEARCH_USER_PATHS = NO;
				CLANG_ANALYZER_NONNULL = YES;
				CLANG_ANALYZER_NUMBER_OBJECT_CONVERSION = YES_AGGRESSIVE;
				CLANG_CXX_LANGUAGE_STANDARD = "gnu++14";
				CLANG_CXX_LIBRARY = "libc++";
				CLANG_ENABLE_MODULES = YES;
				CLANG_ENABLE_OBJC_ARC = YES;
				CLANG_ENABLE_OBJC_WEAK = YES;
				CLANG_WARN_BLOCK_CAPTURE_AUTORELEASING = YES;
				CLANG_WARN_BOOL_CONVERSION = YES;
				CLANG_WARN_COMMA = YES;
				CLANG_WARN_CONSTANT_CONVERSION = YES;
				CLANG_WARN_DEPRECATED_OBJC_IMPLEMENTATIONS = YES;
				CLANG_WARN_DIRECT_OBJC_ISA_USAGE = YES_ERROR;
				CLANG_WARN_DOCUMENTATION_COMMENTS = YES;
				CLANG_WARN_EMPTY_BODY = YES;
				CLANG_WARN_ENUM_CONVERSION = YES;
				CLANG_WARN_INFINITE_RECURSION = YES;
				CLANG_WARN_INT_CONVERSION = YES;
				CLANG_WARN_NON_LITERAL_NULL_CONVERSION = YES;
				CLANG_WARN_OBJC_IMPLICIT_RETAIN_SELF = YES;
				CLANG_WARN_OBJC_LITERAL_CONVERSION = YES;
				CLANG_WARN_OBJC_ROOT_CLASS = YES_ERROR;
				CLANG_WARN_RANGE_LOOP_ANALYSIS = YES;
				CLANG_WARN_STRICT_PROTOTYPES = YES;
				CLANG_WARN_SUSPICIOUS_MOVE = YES;
				CLANG_WARN_UNGUARDED_AVAILABILITY = YES_AGGRESSIVE;
				CLANG_WARN_UNREACHABLE_CODE = YES;
				CLANG_WARN__DUPLICATE_METHOD_MATCH = YES;
				COPY_PHASE_STRIP = NO;
				DEBUG_INFORMATION_FORMAT = dwarf;
				ENABLE_STRICT_OBJC_MSGSEND = YES;
				ENABLE_TESTABILITY = YES;
				GCC_C_LANGUAGE_STANDARD = gnu11;
				GCC_DYNAMIC_NO_PIC = NO;
				GCC_NO_COMMON_BLOCKS = YES;
				GCC_OPTIMIZATION_LEVEL = 0;
				GCC_PREPROCESSOR_DEFINITIONS = (
					"DEBUG=1",
					"$(inherited)",
				);
				GCC_WARN_64_TO_32_BIT_CONVERSION = YES;
				GCC_WARN_ABOUT_RETURN_TYPE = YES_ERROR;
				GCC_WARN_UNDECLARED_SELECTOR = YES;
				GCC_WARN_UNINITIALIZED_AUTOS = YES_AGGRESSIVE;
				GCC_WARN_UNUSED_FUNCTION = YES;
				GCC_WARN_UNUSED_VARIABLE = YES;
				IPHONEOS_DEPLOYMENT_TARGET = 13.2;
				MTL_ENABLE_DEBUG_INFO = INCLUDE_SOURCE;
				MTL_FAST_MATH = YES;
				ONLY_ACTIVE_ARCH = YES;
				SDKROOT = iphoneos;
				SWIFT_ACTIVE_COMPILATION_CONDITIONS = DEBUG;
				SWIFT_OPTIMIZATION_LEVEL = "-Onone";
			};
			name = Debug;
		};
		90448CA3238E2DA400F09FD7 /* Release */ = {
			isa = XCBuildConfiguration;
			buildSettings = {
				ALWAYS_SEARCH_USER_PATHS = NO;
				CLANG_ANALYZER_NONNULL = YES;
				CLANG_ANALYZER_NUMBER_OBJECT_CONVERSION = YES_AGGRESSIVE;
				CLANG_CXX_LANGUAGE_STANDARD = "gnu++14";
				CLANG_CXX_LIBRARY = "libc++";
				CLANG_ENABLE_MODULES = YES;
				CLANG_ENABLE_OBJC_ARC = YES;
				CLANG_ENABLE_OBJC_WEAK = YES;
				CLANG_WARN_BLOCK_CAPTURE_AUTORELEASING = YES;
				CLANG_WARN_BOOL_CONVERSION = YES;
				CLANG_WARN_COMMA = YES;
				CLANG_WARN_CONSTANT_CONVERSION = YES;
				CLANG_WARN_DEPRECATED_OBJC_IMPLEMENTATIONS = YES;
				CLANG_WARN_DIRECT_OBJC_ISA_USAGE = YES_ERROR;
				CLANG_WARN_DOCUMENTATION_COMMENTS = YES;
				CLANG_WARN_EMPTY_BODY = YES;
				CLANG_WARN_ENUM_CONVERSION = YES;
				CLANG_WARN_INFINITE_RECURSION = YES;
				CLANG_WARN_INT_CONVERSION = YES;
				CLANG_WARN_NON_LITERAL_NULL_CONVERSION = YES;
				CLANG_WARN_OBJC_IMPLICIT_RETAIN_SELF = YES;
				CLANG_WARN_OBJC_LITERAL_CONVERSION = YES;
				CLANG_WARN_OBJC_ROOT_CLASS = YES_ERROR;
				CLANG_WARN_RANGE_LOOP_ANALYSIS = YES;
				CLANG_WARN_STRICT_PROTOTYPES = YES;
				CLANG_WARN_SUSPICIOUS_MOVE = YES;
				CLANG_WARN_UNGUARDED_AVAILABILITY = YES_AGGRESSIVE;
				CLANG_WARN_UNREACHABLE_CODE = YES;
				CLANG_WARN__DUPLICATE_METHOD_MATCH = YES;
				COPY_PHASE_STRIP = NO;
				DEBUG_INFORMATION_FORMAT = "dwarf-with-dsym";
				ENABLE_NS_ASSERTIONS = NO;
				ENABLE_STRICT_OBJC_MSGSEND = YES;
				GCC_C_LANGUAGE_STANDARD = gnu11;
				GCC_NO_COMMON_BLOCKS = YES;
				GCC_WARN_64_TO_32_BIT_CONVERSION = YES;
				GCC_WARN_ABOUT_RETURN_TYPE = YES_ERROR;
				GCC_WARN_UNDECLARED_SELECTOR = YES;
				GCC_WARN_UNINITIALIZED_AUTOS = YES_AGGRESSIVE;
				GCC_WARN_UNUSED_FUNCTION = YES;
				GCC_WARN_UNUSED_VARIABLE = YES;
				IPHONEOS_DEPLOYMENT_TARGET = 13.2;
				MTL_ENABLE_DEBUG_INFO = NO;
				MTL_FAST_MATH = YES;
				SDKROOT = iphoneos;
				SWIFT_COMPILATION_MODE = wholemodule;
				SWIFT_OPTIMIZATION_LEVEL = "-O";
				VALIDATE_PRODUCT = YES;
			};
			name = Release;
		};
		90448CA5238E2DA400F09FD7 /* Debug */ = {
			isa = XCBuildConfiguration;
			buildSettings = {
				ASSETCATALOG_COMPILER_APPICON_NAME = AppIcon;
				CODE_SIGN_STYLE = Automatic;
				DEVELOPMENT_ASSET_PATHS = "\"RGBullsEye/Preview Content\"";
				ENABLE_PREVIEWS = YES;
				INFOPLIST_FILE = RGBullsEye/Info.plist;
				LD_RUNPATH_SEARCH_PATHS = (
					"$(inherited)",
					"@executable_path/Frameworks",
				);
				PRODUCT_BUNDLE_IDENTIFIER = com.michalgawryluk.RGBullsEye;
				PRODUCT_NAME = "$(TARGET_NAME)";
				SWIFT_VERSION = 5.0;
				TARGETED_DEVICE_FAMILY = "1,2";
			};
			name = Debug;
		};
		90448CA6238E2DA400F09FD7 /* Release */ = {
			isa = XCBuildConfiguration;
			buildSettings = {
				ASSETCATALOG_COMPILER_APPICON_NAME = AppIcon;
				CODE_SIGN_STYLE = Automatic;
				DEVELOPMENT_ASSET_PATHS = "\"RGBullsEye/Preview Content\"";
				ENABLE_PREVIEWS = YES;
				INFOPLIST_FILE = RGBullsEye/Info.plist;
				LD_RUNPATH_SEARCH_PATHS = (
					"$(inherited)",
					"@executable_path/Frameworks",
				);
				PRODUCT_BUNDLE_IDENTIFIER = com.michalgawryluk.RGBullsEye;
				PRODUCT_NAME = "$(TARGET_NAME)";
				SWIFT_VERSION = 5.0;
				TARGETED_DEVICE_FAMILY = "1,2";
			};
			name = Release;
		};
		90448CA8238E2DA400F09FD7 /* Debug */ = {
			isa = XCBuildConfiguration;
			buildSettings = {
				ALWAYS_EMBED_SWIFT_STANDARD_LIBRARIES = YES;
				BUNDLE_LOADER = "$(TEST_HOST)";
				CODE_SIGN_STYLE = Automatic;
				INFOPLIST_FILE = RGBullsEyeTests/Info.plist;
				IPHONEOS_DEPLOYMENT_TARGET = 13.2;
				LD_RUNPATH_SEARCH_PATHS = (
					"$(inherited)",
					"@executable_path/Frameworks",
					"@loader_path/Frameworks",
				);
				PRODUCT_BUNDLE_IDENTIFIER = com.michalgawryluk.RGBullsEyeTests;
				PRODUCT_NAME = "$(TARGET_NAME)";
				SWIFT_VERSION = 5.0;
				TARGETED_DEVICE_FAMILY = "1,2";
				TEST_HOST = "$(BUILT_PRODUCTS_DIR)/RGBullsEye.app/RGBullsEye";
			};
			name = Debug;
		};
		90448CA9238E2DA400F09FD7 /* Release */ = {
			isa = XCBuildConfiguration;
			buildSettings = {
				ALWAYS_EMBED_SWIFT_STANDARD_LIBRARIES = YES;
				BUNDLE_LOADER = "$(TEST_HOST)";
				CODE_SIGN_STYLE = Automatic;
				INFOPLIST_FILE = RGBullsEyeTests/Info.plist;
				IPHONEOS_DEPLOYMENT_TARGET = 13.2;
				LD_RUNPATH_SEARCH_PATHS = (
					"$(inherited)",
					"@executable_path/Frameworks",
					"@loader_path/Frameworks",
				);
				PRODUCT_BUNDLE_IDENTIFIER = com.michalgawryluk.RGBullsEyeTests;
				PRODUCT_NAME = "$(TARGET_NAME)";
				SWIFT_VERSION = 5.0;
				TARGETED_DEVICE_FAMILY = "1,2";
				TEST_HOST = "$(BUILT_PRODUCTS_DIR)/RGBullsEye.app/RGBullsEye";
			};
			name = Release;
		};
		90448CAB238E2DA400F09FD7 /* Debug */ = {
			isa = XCBuildConfiguration;
			buildSettings = {
				ALWAYS_EMBED_SWIFT_STANDARD_LIBRARIES = YES;
				CODE_SIGN_STYLE = Automatic;
				INFOPLIST_FILE = RGBullsEyeUITests/Info.plist;
				LD_RUNPATH_SEARCH_PATHS = (
					"$(inherited)",
					"@executable_path/Frameworks",
					"@loader_path/Frameworks",
				);
				PRODUCT_BUNDLE_IDENTIFIER = com.michalgawryluk.RGBullsEyeUITests;
				PRODUCT_NAME = "$(TARGET_NAME)";
				SWIFT_VERSION = 5.0;
				TARGETED_DEVICE_FAMILY = "1,2";
				TEST_TARGET_NAME = RGBullsEye;
			};
			name = Debug;
		};
		90448CAC238E2DA400F09FD7 /* Release */ = {
			isa = XCBuildConfiguration;
			buildSettings = {
				ALWAYS_EMBED_SWIFT_STANDARD_LIBRARIES = YES;
				CODE_SIGN_STYLE = Automatic;
				INFOPLIST_FILE = RGBullsEyeUITests/Info.plist;
				LD_RUNPATH_SEARCH_PATHS = (
					"$(inherited)",
					"@executable_path/Frameworks",
					"@loader_path/Frameworks",
				);
				PRODUCT_BUNDLE_IDENTIFIER = com.michalgawryluk.RGBullsEyeUITests;
				PRODUCT_NAME = "$(TARGET_NAME)";
				SWIFT_VERSION = 5.0;
				TARGETED_DEVICE_FAMILY = "1,2";
				TEST_TARGET_NAME = RGBullsEye;
			};
			name = Release;
		};
/* End XCBuildConfiguration section */

/* Begin XCConfigurationList section */
		90448C75238E2D9E00F09FD7 /* Build configuration list for PBXProject "RGBullsEye" */ = {
			isa = XCConfigurationList;
			buildConfigurations = (
				90448CA2238E2DA400F09FD7 /* Debug */,
				90448CA3238E2DA400F09FD7 /* Release */,
			);
			defaultConfigurationIsVisible = 0;
			defaultConfigurationName = Release;
		};
		90448CA4238E2DA400F09FD7 /* Build configuration list for PBXNativeTarget "RGBullsEye" */ = {
			isa = XCConfigurationList;
			buildConfigurations = (
				90448CA5238E2DA400F09FD7 /* Debug */,
				90448CA6238E2DA400F09FD7 /* Release */,
			);
			defaultConfigurationIsVisible = 0;
			defaultConfigurationName = Release;
		};
		90448CA7238E2DA400F09FD7 /* Build configuration list for PBXNativeTarget "RGBullsEyeTests" */ = {
			isa = XCConfigurationList;
			buildConfigurations = (
				90448CA8238E2DA400F09FD7 /* Debug */,
				90448CA9238E2DA400F09FD7 /* Release */,
			);
			defaultConfigurationIsVisible = 0;
			defaultConfigurationName = Release;
		};
		90448CAA238E2DA400F09FD7 /* Build configuration list for PBXNativeTarget "RGBullsEyeUITests" */ = {
			isa = XCConfigurationList;
			buildConfigurations = (
				90448CAB238E2DA400F09FD7 /* Debug */,
				90448CAC238E2DA400F09FD7 /* Release */,
			);
			defaultConfigurationIsVisible = 0;
			defaultConfigurationName = Release;
		};
/* End XCConfigurationList section */
	};
	rootObject = 90448C72238E2D9E00F09FD7 /* Project object */;
}
